Microsoft Visual Studio Solution File, Format Version 11.00
# Visual Studio 2008

Project("{49182C77-8A8B-445D-C804-D7EB3510B2C0}") = "KinectGames1", "Assembly-CSharp-firstpass.csproj", "{8DC0727B-FE05-4FB8-C1A8-499CA5A0E3D4}"
EndProject
Project("{49182C77-8A8B-445D-C804-D7EB3510B2C0}") = "KinectGames1", "Assembly-CSharp.csproj", "{D5549C26-FBD3-5AA6-D4B2-16F50794D6B0}"
EndProject
Project("{49182C77-8A8B-445D-C804-D7EB3510B2C0}") = "KinectGames1", "Assembly-CSharp-Editor.csproj", "{DD5FC8BE-7BAD-3282-F4E8-B397803F3549}"
EndProject
Project("{49182C77-8A8B-445D-C804-D7EB3510B2C0}") = "KinectGames1", "Assembly-UnityScript-firstpass.unityproj", "{5394556C-3908-8F86-B39C-33831E7855ED}"
EndProject
Global
	GlobalSection(SolutionConfigurationPlatforms) = preSolution
		Debug|Any CPU = Debug|Any CPU
		Release|Any CPU = Release|Any CPU
	EndGlobalSection
	GlobalSection(ProjectConfigurationPlatforms) = postSolution
		{8DC0727B-FE05-4FB8-C1A8-499CA5A0E3D4}.Debug|Any CPU.ActiveCfg = Debug|Any CPU
		{8DC0727B-FE05-4FB8-C1A8-499CA5A0E3D4}.Debug|Any CPU.Build.0 = Debug|Any CPU
		{8DC0727B-FE05-4FB8-C1A8-499CA5A0E3D4}.Release|Any CPU.ActiveCfg = Release|Any CPU
		{8DC0727B-FE05-4FB8-C1A8-499CA5A0E3D4}.Release|Any CPU.Build.0 = Release|Any CPU
		{D5549C26-FBD3-5AA6-D4B2-16F50794D6B0}.Debug|Any CPU.ActiveCfg = Debug|Any CPU
		{D5549C26-FBD3-5AA6-D4B2-16F50794D6B0}.Debug|Any CPU.Build.0 = Debug|Any CPU
		{D5549C26-FBD3-5AA6-D4B2-16F50794D6B0}.Release|Any CPU.ActiveCfg = Release|Any CPU
		{D5549C26-FBD3-5AA6-D4B2-16F50794D6B0}.Release|Any CPU.Build.0 = Release|Any CPU
		{DD5FC8BE-7BAD-3282-F4E8-B397803F3549}.Debug|Any CPU.ActiveCfg = Debug|Any CPU
		{DD5FC8BE-7BAD-3282-F4E8-B397803F3549}.Debug|Any CPU.Build.0 = Debug|Any CPU
		{DD5FC8BE-7BAD-3282-F4E8-B397803F3549}.Release|Any CPU.ActiveCfg = Release|Any CPU
		{DD5FC8BE-7BAD-3282-F4E8-B397803F3549}.Release|Any CPU.Build.0 = Release|Any CPU
		{5394556C-3908-8F86-B39C-33831E7855ED}.Debug|Any CPU.ActiveCfg = Debug|Any CPU
		{5394556C-3908-8F86-B39C-33831E7855ED}.Debug|Any CPU.Build.0 = Debug|Any CPU
		{5394556C-3908-8F86-B39C-33831E7855ED}.Release|Any CPU.ActiveCfg = Release|Any CPU
		{5394556C-3908-8F86-B39C-33831E7855ED}.Release|Any CPU.Build.0 = Release|Any CPU
	EndGlobalSection
	GlobalSection(SolutionProperties) = preSolution
		HideSolutionNode = FALSE
	EndGlobalSection
																		GlobalSection(MonoDevelopProperties) = preSolution
		StartupItem = Assembly-CSharp.csproj
		Policies = $0
		$0.TextStylePolicy = $1
		$1.inheritsSet = null
		$1.scope = text/x-csharp
		$0.CSharpFormattingPolicy = $2
		$2.inheritsSet = Mono
		$2.inheritsScope = text/x-csharp
		$2.scope = text/x-csharp
		$0.TextStylePolicy = $3
		$3.FileWidth = 120
		$3.TabWidth = 4
		$3.EolMarker = Unix
		$3.inheritsSet = Mono
		$3.inheritsScope = text/plain
		$3.scope = text/plain
	EndGlobalSection

EndGlobal
